<?xml version="1.0" encoding="utf-8"?>
<Project ToolsVersion="4.0" xmlns="http://schemas.microsoft.com/developer/msbuild/2003">
  <ItemGroup>
    <Filter Include="헤더 파일">
      <UniqueIdentifier>{93995380-89BD-4b04-88EB-625FBE52EBFB}</UniqueIdentifier>
      <Extensions>h;hh;hpp;hxx;hm;inl;inc;xsd</Extensions>
    </Filter>
    <Filter Include="SHEEP ENGINE">
      <UniqueIdentifier>{4FC737F1-C7A5-4376-A066-2A32D752A2FF}</UniqueIdentifier>
      <Extensions>cpp;c;cc;cxx;def;odl;idl;hpj;bat;asm;asmx</Extensions>
    </Filter>
    <Filter Include="SHEEP ENGINE\Director">
      <UniqueIdentifier>{384970f7-05dc-4eb0-bfee-c7dc663be00b}</UniqueIdentifier>
    </Filter>
    <Filter Include="SHEEP ENGINE\Graphic">
      <UniqueIdentifier>{111a70a8-67a5-42e4-8784-e433a5dd1cff}</UniqueIdentifier>
    </Filter>
    <Filter Include="SHEEP ENGINE\Node">
      <UniqueIdentifier>{02cd010c-2106-4bfb-b714-d913f7fbb51d}</UniqueIdentifier>
    </Filter>
    <Filter Include="SHEEP ENGINE\Sprite">
      <UniqueIdentifier>{60b0eb96-6377-4716-8a30-c23d1a03c09d}</UniqueIdentifier>
    </Filter>
    <Filter Include="SHEEP ENGINE\AppSetting">
      <UniqueIdentifier>{5ac82fe4-bdae-4ab4-a1fb-b35717556e8c}</UniqueIdentifier>
    </Filter>
    <Filter Include="SHEEP ENGINE\Base">
      <UniqueIdentifier>{28ec333e-d064-4da8-a237-bb34d955c88d}</UniqueIdentifier>
    </Filter>
    <Filter Include="SHEEP ENGINE\Base\Color">
      <UniqueIdentifier>{bde5f514-01e8-444a-b7a3-800216e3eb52}</UniqueIdentifier>
    </Filter>
    <Filter Include="SHEEP ENGINE\Base\Safe_Release">
      <UniqueIdentifier>{9fdbf370-f125-4298-aee9-b5aef91ebd5c}</UniqueIdentifier>
    </Filter>
    <Filter Include="SHEEP ENGINE\Base\Singleton">
      <UniqueIdentifier>{2688c2e0-c62d-4a23-94f8-e9e12358feae}</UniqueIdentifier>
    </Filter>
    <Filter Include="SceneList">
      <UniqueIdentifier>{8595b8b5-98fe-4e2d-843d-3df09f6d3597}</UniqueIdentifier>
    </Filter>
    <Filter Include="SHEEP ENGINE\Graphic\D3DInit">
      <UniqueIdentifier>{e97391f0-9f40-40ef-9ad3-e5c8df6b31cb}</UniqueIdentifier>
    </Filter>
    <Filter Include="SHEEP ENGINE\SceneRender">
      <UniqueIdentifier>{b03951ad-a296-455a-bada-9dfebc3262ae}</UniqueIdentifier>
    </Filter>
    <Filter Include="SHEEP ENGINE\SceneRender\Scene">
      <UniqueIdentifier>{0c5cb7be-af61-4173-b472-57e3411d5951}</UniqueIdentifier>
    </Filter>
  </ItemGroup>
  <ItemGroup>
    <ClInclude Include="COLOR.h">
      <Filter>SHEEP ENGINE\Base\Color</Filter>
    </ClInclude>
    <ClInclude Include="Director.h">
      <Filter>SHEEP ENGINE\Director</Filter>
    </ClInclude>
    <ClInclude Include="Node.h">
      <Filter>SHEEP ENGINE\Node</Filter>
    </ClInclude>
    <ClInclude Include="SAFE_RELEASE.h">
      <Filter>SHEEP ENGINE\Base\Safe_Release</Filter>
    </ClInclude>
    <ClInclude Include="SINGLETON.h">
      <Filter>SHEEP ENGINE\Base\Singleton</Filter>
    </ClInclude>
    <ClInclude Include="Sprite.h">
      <Filter>SHEEP ENGINE\Sprite</Filter>
    </ClInclude>
    <ClInclude Include="Sheep.h">
      <Filter>헤더 파일</Filter>
    </ClInclude>
    <ClInclude Include="stdafx.h">
      <Filter>헤더 파일</Filter>
    </ClInclude>
    <ClInclude Include="GraphicRender.h">
      <Filter>SHEEP ENGINE\Graphic</Filter>
    </ClInclude>
    <ClInclude Include="Game.h">
      <Filter>SceneList</Filter>
    </ClInclude>
    <ClInclude Include="HelloWorld.h">
      <Filter>SceneList</Filter>
    </ClInclude>
    <ClInclude Include="Com_WinInit.h">
      <Filter>SHEEP ENGINE\Graphic\D3DInit</Filter>
    </ClInclude>
    <ClInclude Include="Com_D3DInit9.h">
      <Filter>SHEEP ENGINE\Graphic\D3DInit</Filter>
    </ClInclude>
    <ClInclude Include="Com_D3DSpriteInit.h">
      <Filter>SHEEP ENGINE\Graphic\D3DInit</Filter>
    </ClInclude>
    <ClInclude Include="SceneRender.h">
      <Filter>SHEEP ENGINE\SceneRender</Filter>
    </ClInclude>
    <ClInclude Include="Scene.h">
      <Filter>SHEEP ENGINE\SceneRender\Scene</Filter>
    </ClInclude>
  </ItemGroup>
  <ItemGroup>
    <ClCompile Include="main.cpp">
      <Filter>SHEEP ENGINE</Filter>
    </ClCompile>
    <ClCompile Include="Director.cpp">
      <Filter>SHEEP ENGINE\Director</Filter>
    </ClCompile>
    <ClCompile Include="Node.cpp">
      <Filter>SHEEP ENGINE\Node</Filter>
    </ClCompile>
    <ClCompile Include="Sprite.cpp">
      <Filter>SHEEP ENGINE\Sprite</Filter>
    </ClCompile>
    <ClCompile Include="AppSetting.cpp">
      <Filter>SHEEP ENGINE\AppSetting</Filter>
    </ClCompile>
    <ClCompile Include="GraphicRender.cpp">
      <Filter>SHEEP ENGINE\Graphic</Filter>
    </ClCompile>
    <ClCompile Include="Game.cpp">
      <Filter>SceneList</Filter>
    </ClCompile>
    <ClCompile Include="HelloWorld.cpp">
      <Filter>SceneList</Filter>
    </ClCompile>
    <ClCompile Include="Scene.cpp">
      <Filter>SHEEP ENGINE\SceneRender\Scene</Filter>
    </ClCompile>
    <ClCompile Include="SceneRender.cpp">
      <Filter>SHEEP ENGINE\SceneRender</Filter>
    </ClCompile>
  </ItemGroup>
</Project>